
Microsoft Visual Studio Solution File, Format Version 12.00
# Visual Studio Version 17
VisualStudioVersion = 17.7.34031.279
MinimumVisualStudioVersion = 10.0.40219.1
Project("{FAE04EC0-301F-11D3-BF4B-00C04F79EFBC}") = "LinqSchool", "LinqSchool\LinqSchool.csproj", "{2BF01577-3DE3-4DFF-88DC-4AE4AB5129DD}"
EndProject
Global
	GlobalSection(SolutionConfigurationPlatforms) = preSolution
		Debug|Any CPU = Debug|Any CPU
		Release|Any CPU = Release|Any CPU
	EndGlobalSection
	GlobalSection(ProjectConfigurationPlatforms) = postSolution
		{2BF01577-3DE3-4DFF-88DC-4AE4AB5129DD}.Debug|Any CPU.ActiveCfg = Debug|Any CPU
		{2BF01577-3DE3-4DFF-88DC-4AE4AB5129DD}.Debug|Any CPU.Build.0 = Debug|Any CPU
		{2BF01577-3DE3-4DFF-88DC-4AE4AB5129DD}.Release|Any CPU.ActiveCfg = Release|Any CPU
		{2BF01577-3DE3-4DFF-88DC-4AE4AB5129DD}.Release|Any CPU.Build.0 = Release|Any CPU
	EndGlobalSection
	GlobalSection(SolutionProperties) = preSolution
		HideSolutionNode = FALSE
	EndGlobalSection
	GlobalSection(ExtensibilityGlobals) = postSolution
		SolutionGuid = {18F03A80-C2BE-4EC4-A84D-50940859B255}
	EndGlobalSection
EndGlobal
